// !$*UTF8*$!
{
	archiveVersion = 1;
	classes = {
	};
	objectVersion = 55;
	objects = {

/* Begin PBXBuildFile section */
		4F1B5AD0290E0156007FF712 /* LogoImage.swift in Sources */ = {isa = PBXBuildFile; fileRef = 4F1B5ACF290E0156007FF712 /* LogoImage.swift */; };
		4F8157D428E7BDCE00D28C03 /* GoogleService-Info.plist in Resources */ = {isa = PBXBuildFile; fileRef = 4F8157D328E7BDCE00D28C03 /* GoogleService-Info.plist */; };
		4F8157D728E7BE8B00D28C03 /* FirebaseAnalytics in Frameworks */ = {isa = PBXBuildFile; productRef = 4F8157D628E7BE8B00D28C03 /* FirebaseAnalytics */; };
		4F8157D928E7BE8B00D28C03 /* FirebaseAnalyticsWithoutAdIdSupport in Frameworks */ = {isa = PBXBuildFile; productRef = 4F8157D828E7BE8B00D28C03 /* FirebaseAnalyticsWithoutAdIdSupport */; };
		4F8157DB28E7BE8B00D28C03 /* FirebaseAuth in Frameworks */ = {isa = PBXBuildFile; productRef = 4F8157DA28E7BE8B00D28C03 /* FirebaseAuth */; };
		4F8F9E1B28F4D9B60031EEB6 /* LoginView.swift in Sources */ = {isa = PBXBuildFile; fileRef = 4F8F9E1A28F4D9B60031EEB6 /* LoginView.swift */; };
		6176F47428DE619E002D889C /* PerfectDogApp.swift in Sources */ = {isa = PBXBuildFile; fileRef = 6176F47328DE619E002D889C /* PerfectDogApp.swift */; };
		6176F47628DE619E002D889C /* RegisterView.swift in Sources */ = {isa = PBXBuildFile; fileRef = 6176F47528DE619E002D889C /* RegisterView.swift */; };
		6176F47828DE619F002D889C /* Assets.xcassets in Resources */ = {isa = PBXBuildFile; fileRef = 6176F47728DE619F002D889C /* Assets.xcassets */; };
		6176F47B28DE619F002D889C /* Preview Assets.xcassets in Resources */ = {isa = PBXBuildFile; fileRef = 6176F47A28DE619F002D889C /* Preview Assets.xcassets */; };
/* End PBXBuildFile section */

/* Begin PBXFileReference section */
		4F1B5ACF290E0156007FF712 /* LogoImage.swift */ = {isa = PBXFileReference; lastKnownFileType = sourcecode.swift; path = LogoImage.swift; sourceTree = "<group>"; };
		4F8157D328E7BDCE00D28C03 /* GoogleService-Info.plist */ = {isa = PBXFileReference; fileEncoding = 4; lastKnownFileType = text.plist.xml; name = "GoogleService-Info.plist"; path = "../../../Downloads/GoogleService-Info.plist"; sourceTree = "<group>"; };
		4F8F9E1A28F4D9B60031EEB6 /* LoginView.swift */ = {isa = PBXFileReference; lastKnownFileType = sourcecode.swift; path = LoginView.swift; sourceTree = "<group>"; };
		6176F47028DE619E002D889C /* PerfectDog.app */ = {isa = PBXFileReference; explicitFileType = wrapper.application; includeInIndex = 0; path = PerfectDog.app; sourceTree = BUILT_PRODUCTS_DIR; };
		6176F47328DE619E002D889C /* PerfectDogApp.swift */ = {isa = PBXFileReference; lastKnownFileType = sourcecode.swift; path = PerfectDogApp.swift; sourceTree = "<group>"; };
		6176F47528DE619E002D889C /* RegisterView.swift */ = {isa = PBXFileReference; lastKnownFileType = sourcecode.swift; path = RegisterView.swift; sourceTree = "<group>"; };
		6176F47728DE619F002D889C /* Assets.xcassets */ = {isa = PBXFileReference; lastKnownFileType = folder.assetcatalog; path = Assets.xcassets; sourceTree = "<group>"; };
		6176F47A28DE619F002D889C /* Preview Assets.xcassets */ = {isa = PBXFileReference; lastKnownFileType = folder.assetcatalog; path = "Preview Assets.xcassets"; sourceTree = "<group>"; };
/* End PBXFileReference section */

/* Begin PBXFrameworksBuildPhase section */
		6176F46D28DE619E002D889C /* Frameworks */ = {
			isa = PBXFrameworksBuildPhase;
			buildActionMask = 2147483647;
			files = (
				4F8157D728E7BE8B00D28C03 /* FirebaseAnalytics in Frameworks */,
				4F8157DB28E7BE8B00D28C03 /* FirebaseAuth in Frameworks */,
				4F8157D928E7BE8B00D28C03 /* FirebaseAnalyticsWithoutAdIdSupport in Frameworks */,
			);
			runOnlyForDeploymentPostprocessing = 0;
		};
/* End PBXFrameworksBuildPhase section */

/* Begin PBXGroup section */
		6176F46728DE619E002D889C = {
			isa = PBXGroup;
			children = (
				6176F47228DE619E002D889C /* PerfectDog */,
				6176F47128DE619E002D889C /* Products */,
			);
			sourceTree = "<group>";
		};
		6176F47128DE619E002D889C /* Products */ = {
			isa = PBXGroup;
			children = (
				6176F47028DE619E002D889C /* PerfectDog.app */,
			);
			name = Products;
			sourceTree = "<group>";
		};
		6176F47228DE619E002D889C /* PerfectDog */ = {
			isa = PBXGroup;
			children = (
				6176F47328DE619E002D889C /* PerfectDogApp.swift */,
				4F8F9E1A28F4D9B60031EEB6 /* LoginView.swift */,
				4F1B5ACF290E0156007FF712 /* LogoImage.swift */,
				6176F47528DE619E002D889C /* RegisterView.swift */,
				6176F47728DE619F002D889C /* Assets.xcassets */,
				4F8157D328E7BDCE00D28C03 /* GoogleService-Info.plist */,
				6176F47928DE619F002D889C /* Preview Content */,
			);
			path = PerfectDog;
			sourceTree = "<group>";
		};
		6176F47928DE619F002D889C /* Preview Content */ = {
			isa = PBXGroup;
			children = (
				6176F47A28DE619F002D889C /* Preview Assets.xcassets */,
			);
			path = "Preview Content";
			sourceTree = "<group>";
		};
/* End PBXGroup section */

/* Begin PBXNativeTarget section */
		6176F46F28DE619E002D889C /* PerfectDog */ = {
			isa = PBXNativeTarget;
			buildConfigurationList = 6176F47E28DE619F002D889C /* Build configuration list for PBXNativeTarget "PerfectDog" */;
			buildPhases = (
				6176F46C28DE619E002D889C /* Sources */,
				6176F46D28DE619E002D889C /* Frameworks */,
				6176F46E28DE619E002D889C /* Resources */,
			);
			buildRules = (
			);
			dependencies = (
			);
			name = PerfectDog;
			packageProductDependencies = (
				4F8157D628E7BE8B00D28C03 /* FirebaseAnalytics */,
				4F8157D828E7BE8B00D28C03 /* FirebaseAnalyticsWithoutAdIdSupport */,
				4F8157DA28E7BE8B00D28C03 /* FirebaseAuth */,
			);
			productName = PerfectDog;
			productReference = 6176F47028DE619E002D889C /* PerfectDog.app */;
			productType = "com.apple.product-type.application";
		};
/* End PBXNativeTarget section */

/* Begin PBXProject section */
		6176F46828DE619E002D889C /* Project object */ = {
			isa = PBXProject;
			attributes = {
				BuildIndependentTargetsInParallel = 1;
				LastSwiftUpdateCheck = 1330;
				LastUpgradeCheck = 1330;
				TargetAttributes = {
					6176F46F28DE619E002D889C = {
						CreatedOnToolsVersion = 13.3.1;
					};
				};
			};
			buildConfigurationList = 6176F46B28DE619E002D889C /* Build configuration list for PBXProject "PerfectDog" */;
			compatibilityVersion = "Xcode 13.0";
			developmentRegion = en;
			hasScannedForEncodings = 0;
			knownRegions = (
				en,
				Base,
			);
			mainGroup = 6176F46728DE619E002D889C;
			packageReferences = (
				4F8157D528E7BE8B00D28C03 /* XCRemoteSwiftPackageReference "firebase-ios-sdk" */,
			);
			productRefGroup = 6176F47128DE619E002D889C /* Products */;
			projectDirPath = "";
			projectRoot = "";
			targets = (
				6176F46F28DE619E002D889C /* PerfectDog */,
			);
		};
/* End PBXProject section */

/* Begin PBXResourcesBuildPhase section */
		6176F46E28DE619E002D889C /* Resources */ = {
			isa = PBXResourcesBuildPhase;
			buildActionMask = 2147483647;
			files = (
				6176F47B28DE619F002D889C /* Preview Assets.xcassets in Resources */,
				6176F47828DE619F002D889C /* Assets.xcassets in Resources */,
				4F8157D428E7BDCE00D28C03 /* GoogleService-Info.plist in Resources */,
			);
			runOnlyForDeploymentPostprocessing = 0;
		};
/* End PBXResourcesBuildPhase section */

/* Begin PBXSourcesBuildPhase section */
		6176F46C28DE619E002D889C /* Sources */ = {
			isa = PBXSourcesBuildPhase;
			buildActionMask = 2147483647;
			files = (
				6176F47628DE619E002D889C /* RegisterView.swift in Sources */,
				6176F47428DE619E002D889C /* PerfectDogApp.swift in Sources */,
				4F1B5AD0290E0156007FF712 /* LogoImage.swift in Sources */,
				4F8F9E1B28F4D9B60031EEB6 /* LoginView.swift in Sources */,
			);
			runOnlyForDeploymentPostprocessing = 0;
		};
/* End PBXSourcesBuildPhase section */

/* Begin XCBuildConfiguration section */
		6176F47C28DE619F002D889C /* Debug */ = {
			isa = XCBuildConfiguration;
			buildSettings = {
				ALWAYS_SEARCH_USER_PATHS = NO;
				CLANG_ANALYZER_NONNULL = YES;
				CLANG_ANALYZER_NUMBER_OBJECT_CONVERSION = YES_AGGRESSIVE;
				CLANG_CXX_LANGUAGE_STANDARD = "gnu++17";
				CLANG_ENABLE_MODULES = YES;
				CLANG_ENABLE_OBJC_ARC = YES;
				CLANG_ENABLE_OBJC_WEAK = YES;
				CLANG_WARN_BLOCK_CAPTURE_AUTORELEASING = YES;
				CLANG_WARN_BOOL_CONVERSION = YES;
				CLANG_WARN_COMMA = YES;
				CLANG_WARN_CONSTANT_CONVERSION = YES;
				CLANG_WARN_DEPRECATED_OBJC_IMPLEMENTATIONS = YES;
				CLANG_WARN_DIRECT_OBJC_ISA_USAGE = YES_ERROR;
				CLANG_WARN_DOCUMENTATION_COMMENTS = YES;
				CLANG_WARN_EMPTY_BODY = YES;
				CLANG_WARN_ENUM_CONVERSION = YES;
				CLANG_WARN_INFINITE_RECURSION = YES;
				CLANG_WARN_INT_CONVERSION = YES;
				CLANG_WARN_NON_LITERAL_NULL_CONVERSION = YES;
				CLANG_WARN_OBJC_IMPLICIT_RETAIN_SELF = YES;
				CLANG_WARN_OBJC_LITERAL_CONVERSION = YES;
				CLANG_WARN_OBJC_ROOT_CLASS = YES_ERROR;
				CLANG_WARN_QUOTED_INCLUDE_IN_FRAMEWORK_HEADER = YES;
				CLANG_WARN_RANGE_LOOP_ANALYSIS = YES;
				CLANG_WARN_STRICT_PROTOTYPES = YES;
				CLANG_WARN_SUSPICIOUS_MOVE = YES;
				CLANG_WARN_UNGUARDED_AVAILABILITY = YES_AGGRESSIVE;
				CLANG_WARN_UNREACHABLE_CODE = YES;
				CLANG_WARN__DUPLICATE_METHOD_MATCH = YES;
				COPY_PHASE_STRIP = NO;
				DEBUG_INFORMATION_FORMAT = dwarf;
				ENABLE_STRICT_OBJC_MSGSEND = YES;
				ENABLE_TESTABILITY = YES;
				GCC_C_LANGUAGE_STANDARD = gnu11;
				GCC_DYNAMIC_NO_PIC = NO;
				GCC_NO_COMMON_BLOCKS = YES;
				GCC_OPTIMIZATION_LEVEL = 0;
				GCC_PREPROCESSOR_DEFINITIONS = (
					"DEBUG=1",
					"$(inherited)",
				);
				GCC_WARN_64_TO_32_BIT_CONVERSION = YES;
				GCC_WARN_ABOUT_RETURN_TYPE = YES_ERROR;
				GCC_WARN_UNDECLARED_SELECTOR = YES;
				GCC_WARN_UNINITIALIZED_AUTOS = YES_AGGRESSIVE;
				GCC_WARN_UNUSED_FUNCTION = YES;
				GCC_WARN_UNUSED_VARIABLE = YES;
				IPHONEOS_DEPLOYMENT_TARGET = 15.4;
				MTL_ENABLE_DEBUG_INFO = INCLUDE_SOURCE;
				MTL_FAST_MATH = YES;
				ONLY_ACTIVE_ARCH = YES;
				SDKROOT = iphoneos;
				SWIFT_ACTIVE_COMPILATION_CONDITIONS = DEBUG;
				SWIFT_OPTIMIZATION_LEVEL = "-Onone";
			};
			name = Debug;
		};
		6176F47D28DE619F002D889C /* Release */ = {
			isa = XCBuildConfiguration;
			buildSettings = {
				ALWAYS_SEARCH_USER_PATHS = NO;
				CLANG_ANALYZER_NONNULL = YES;
				CLANG_ANALYZER_NUMBER_OBJECT_CONVERSION = YES_AGGRESSIVE;
				CLANG_CXX_LANGUAGE_STANDARD = "gnu++17";
				CLANG_ENABLE_MODULES = YES;
				CLANG_ENABLE_OBJC_ARC = YES;
				CLANG_ENABLE_OBJC_WEAK = YES;
				CLANG_WARN_BLOCK_CAPTURE_AUTORELEASING = YES;
				CLANG_WARN_BOOL_CONVERSION = YES;
				CLANG_WARN_COMMA = YES;
				CLANG_WARN_CONSTANT_CONVERSION = YES;
				CLANG_WARN_DEPRECATED_OBJC_IMPLEMENTATIONS = YES;
				CLANG_WARN_DIRECT_OBJC_ISA_USAGE = YES_ERROR;
				CLANG_WARN_DOCUMENTATION_COMMENTS = YES;
				CLANG_WARN_EMPTY_BODY = YES;
				CLANG_WARN_ENUM_CONVERSION = YES;
				CLANG_WARN_INFINITE_RECURSION = YES;
				CLANG_WARN_INT_CONVERSION = YES;
				CLANG_WARN_NON_LITERAL_NULL_CONVERSION = YES;
				CLANG_WARN_OBJC_IMPLICIT_RETAIN_SELF = YES;
				CLANG_WARN_OBJC_LITERAL_CONVERSION = YES;
				CLANG_WARN_OBJC_ROOT_CLASS = YES_ERROR;
				CLANG_WARN_QUOTED_INCLUDE_IN_FRAMEWORK_HEADER = YES;
				CLANG_WARN_RANGE_LOOP_ANALYSIS = YES;
				CLANG_WARN_STRICT_PROTOTYPES = YES;
				CLANG_WARN_SUSPICIOUS_MOVE = YES;
				CLANG_WARN_UNGUARDED_AVAILABILITY = YES_AGGRESSIVE;
				CLANG_WARN_UNREACHABLE_CODE = YES;
				CLANG_WARN__DUPLICATE_METHOD_MATCH = YES;
				COPY_PHASE_STRIP = NO;
				DEBUG_INFORMATION_FORMAT = "dwarf-with-dsym";
				ENABLE_NS_ASSERTIONS = NO;
				ENABLE_STRICT_OBJC_MSGSEND = YES;
				GCC_C_LANGUAGE_STANDARD = gnu11;
				GCC_NO_COMMON_BLOCKS = YES;
				GCC_WARN_64_TO_32_BIT_CONVERSION = YES;
				GCC_WARN_ABOUT_RETURN_TYPE = YES_ERROR;
				GCC_WARN_UNDECLARED_SELECTOR = YES;
				GCC_WARN_UNINITIALIZED_AUTOS = YES_AGGRESSIVE;
				GCC_WARN_UNUSED_FUNCTION = YES;
				GCC_WARN_UNUSED_VARIABLE = YES;
				IPHONEOS_DEPLOYMENT_TARGET = 15.4;
				MTL_ENABLE_DEBUG_INFO = NO;
				MTL_FAST_MATH = YES;
				SDKROOT = iphoneos;
				SWIFT_COMPILATION_MODE = wholemodule;
				SWIFT_OPTIMIZATION_LEVEL = "-O";
				VALIDATE_PRODUCT = YES;
			};
			name = Release;
		};
		6176F47F28DE619F002D889C /* Debug */ = {
			isa = XCBuildConfiguration;
			buildSettings = {
				ASSETCATALOG_COMPILER_APPICON_NAME = AppIcon;
				ASSETCATALOG_COMPILER_GLOBAL_ACCENT_COLOR_NAME = AccentColor;
				CODE_SIGN_STYLE = Automatic;
				CURRENT_PROJECT_VERSION = 1;
				DEVELOPMENT_ASSET_PATHS = "\"PerfectDog/Preview Content\"";
				DEVELOPMENT_TEAM = N6RP3H788Z;
				ENABLE_PREVIEWS = YES;
				GENERATE_INFOPLIST_FILE = YES;
				INFOPLIST_KEY_UIApplicationSceneManifest_Generation = YES;
				INFOPLIST_KEY_UIApplicationSupportsIndirectInputEvents = YES;
				INFOPLIST_KEY_UILaunchScreen_Generation = YES;
				INFOPLIST_KEY_UISupportedInterfaceOrientations_iPad = "UIInterfaceOrientationPortrait UIInterfaceOrientationPortraitUpsideDown UIInterfaceOrientationLandscapeLeft UIInterfaceOrientationLandscapeRight";
				INFOPLIST_KEY_UISupportedInterfaceOrientations_iPhone = "UIInterfaceOrientationPortrait UIInterfaceOrientationLandscapeLeft UIInterfaceOrientationLandscapeRight";
				LD_RUNPATH_SEARCH_PATHS = (
					"$(inherited)",
					"@executable_path/Frameworks",
				);
				MARKETING_VERSION = 1.0;
				PRODUCT_BUNDLE_IDENTIFIER = JongHwanSeo.PerfectDog;
				PRODUCT_NAME = "$(TARGET_NAME)";
				SWIFT_EMIT_LOC_STRINGS = YES;
				SWIFT_VERSION = 5.0;
				TARGETED_DEVICE_FAMILY = "1,2";
			};
			name = Debug;
		};
		6176F48028DE619F002D889C /* Release */ = {
			isa = XCBuildConfiguration;
			buildSettings = {
				ASSETCATALOG_COMPILER_APPICON_NAME = AppIcon;
				ASSETCATALOG_COMPILER_GLOBAL_ACCENT_COLOR_NAME = AccentColor;
				CODE_SIGN_STYLE = Automatic;
				CURRENT_PROJECT_VERSION = 1;
				DEVELOPMENT_ASSET_PATHS = "\"PerfectDog/Preview Content\"";
				DEVELOPMENT_TEAM = N6RP3H788Z;
				ENABLE_PREVIEWS = YES;
				GENERATE_INFOPLIST_FILE = YES;
				INFOPLIST_KEY_UIApplicationSceneManifest_Generation = YES;
				INFOPLIST_KEY_UIApplicationSupportsIndirectInputEvents = YES;
				INFOPLIST_KEY_UILaunchScreen_Generation = YES;
				INFOPLIST_KEY_UISupportedInterfaceOrientations_iPad = "UIInterfaceOrientationPortrait UIInterfaceOrientationPortraitUpsideDown UIInterfaceOrientationLandscapeLeft UIInterfaceOrientationLandscapeRight";
				INFOPLIST_KEY_UISupportedInterfaceOrientations_iPhone = "UIInterfaceOrientationPortrait UIInterfaceOrientationLandscapeLeft UIInterfaceOrientationLandscapeRight";
				LD_RUNPATH_SEARCH_PATHS = (
					"$(inherited)",
					"@executable_path/Frameworks",
				);
				MARKETING_VERSION = 1.0;
				PRODUCT_BUNDLE_IDENTIFIER = JongHwanSeo.PerfectDog;
				PRODUCT_NAME = "$(TARGET_NAME)";
				SWIFT_EMIT_LOC_STRINGS = YES;
				SWIFT_VERSION = 5.0;
				TARGETED_DEVICE_FAMILY = "1,2";
			};
			name = Release;
		};
/* End XCBuildConfiguration section */

/* Begin XCConfigurationList section */
		6176F46B28DE619E002D889C /* Build configuration list for PBXProject "PerfectDog" */ = {
			isa = XCConfigurationList;
			buildConfigurations = (
				6176F47C28DE619F002D889C /* Debug */,
				6176F47D28DE619F002D889C /* Release */,
			);
			defaultConfigurationIsVisible = 0;
			defaultConfigurationName = Release;
		};
		6176F47E28DE619F002D889C /* Build configuration list for PBXNativeTarget "PerfectDog" */ = {
			isa = XCConfigurationList;
			buildConfigurations = (
				6176F47F28DE619F002D889C /* Debug */,
				6176F48028DE619F002D889C /* Release */,
			);
			defaultConfigurationIsVisible = 0;
			defaultConfigurationName = Release;
		};
/* End XCConfigurationList section */

/* Begin XCRemoteSwiftPackageReference section */
		4F8157D528E7BE8B00D28C03 /* XCRemoteSwiftPackageReference "firebase-ios-sdk" */ = {
			isa = XCRemoteSwiftPackageReference;
			repositoryURL = "https://github.com/firebase/firebase-ios-sdk";
			requirement = {
				kind = upToNextMajorVersion;
				minimumVersion = 9.0.0;
			};
		};
/* End XCRemoteSwiftPackageReference section */

/* Begin XCSwiftPackageProductDependency section */
		4F8157D628E7BE8B00D28C03 /* FirebaseAnalytics */ = {
			isa = XCSwiftPackageProductDependency;
			package = 4F8157D528E7BE8B00D28C03 /* XCRemoteSwiftPackageReference "firebase-ios-sdk" */;
			productName = FirebaseAnalytics;
		};
		4F8157D828E7BE8B00D28C03 /* FirebaseAnalyticsWithoutAdIdSupport */ = {
			isa = XCSwiftPackageProductDependency;
			package = 4F8157D528E7BE8B00D28C03 /* XCRemoteSwiftPackageReference "firebase-ios-sdk" */;
			productName = FirebaseAnalyticsWithoutAdIdSupport;
		};
		4F8157DA28E7BE8B00D28C03 /* FirebaseAuth */ = {
			isa = XCSwiftPackageProductDependency;
			package = 4F8157D528E7BE8B00D28C03 /* XCRemoteSwiftPackageReference "firebase-ios-sdk" */;
			productName = FirebaseAuth;
		};
/* End XCSwiftPackageProductDependency section */
	};
	rootObject = 6176F46828DE619E002D889C /* Project object */;
}
